
Microsoft Visual Studio Solution File, Format Version 12.00
# Visual Studio Version 16
VisualStudioVersion = 16.0.29519.181
MinimumVisualStudioVersion = 10.0.40219.1
Project("{FAE04EC0-301F-11D3-BF4B-00C04F79EFBC}") = "pariedispari", "pariedispari\pariedispari.csproj", "{3DFBE06C-0EDF-4589-A04F-2C64B79FDFE2}"
EndProject
Global
	GlobalSection(SolutionConfigurationPlatforms) = preSolution
		Debug|Any CPU = Debug|Any CPU
		Release|Any CPU = Release|Any CPU
	EndGlobalSection
	GlobalSection(ProjectConfigurationPlatforms) = postSolution
		{3DFBE06C-0EDF-4589-A04F-2C64B79FDFE2}.Debug|Any CPU.ActiveCfg = Debug|Any CPU
		{3DFBE06C-0EDF-4589-A04F-2C64B79FDFE2}.Debug|Any CPU.Build.0 = Debug|Any CPU
		{3DFBE06C-0EDF-4589-A04F-2C64B79FDFE2}.Release|Any CPU.ActiveCfg = Release|Any CPU
		{3DFBE06C-0EDF-4589-A04F-2C64B79FDFE2}.Release|Any CPU.Build.0 = Release|Any CPU
	EndGlobalSection
	GlobalSection(SolutionProperties) = preSolution
		HideSolutionNode = FALSE
	EndGlobalSection
	GlobalSection(ExtensibilityGlobals) = postSolution
		SolutionGuid = {4027BF03-CCBF-480C-B276-E72682186764}
	EndGlobalSection
EndGlobal
